
Microsoft Visual Studio Solution File, Format Version 12.00
# Visual Studio 15
VisualStudioVersion = 15.0.28307.136
MinimumVisualStudioVersion = 10.0.40219.1
Project("{FAE04EC0-301F-11D3-BF4B-00C04F79EFBC}") = "GMPublishNetCore", "GMPublishNetCore\GMPublishNetCore.csproj", "{7EAAE9D9-2C83-4EB1-AA7F-E6E0C4121E58}"
EndProject
Global
	GlobalSection(SolutionConfigurationPlatforms) = preSolution
		Debug|Any CPU = Debug|Any CPU
		Release|Any CPU = Release|Any CPU
	EndGlobalSection
	GlobalSection(ProjectConfigurationPlatforms) = postSolution
		{7EAAE9D9-2C83-4EB1-AA7F-E6E0C4121E58}.Debug|Any CPU.ActiveCfg = Debug|Any CPU
		{7EAAE9D9-2C83-4EB1-AA7F-E6E0C4121E58}.Debug|Any CPU.Build.0 = Debug|Any CPU
		{7EAAE9D9-2C83-4EB1-AA7F-E6E0C4121E58}.Release|Any CPU.ActiveCfg = Release|Any CPU
		{7EAAE9D9-2C83-4EB1-AA7F-E6E0C4121E58}.Release|Any CPU.Build.0 = Release|Any CPU
	EndGlobalSection
	GlobalSection(SolutionProperties) = preSolution
		HideSolutionNode = FALSE
	EndGlobalSection
	GlobalSection(ExtensibilityGlobals) = postSolution
		SolutionGuid = {8BCA96B3-DD76-416D-A620-C4B8C5158D84}
	EndGlobalSection
EndGlobal
